
Microsoft Visual Studio Solution File, Format Version 12.00
# Visual Studio Version 16
VisualStudioVersion = 16.0.31129.286
MinimumVisualStudioVersion = 10.0.40219.1
Project("{FAE04EC0-301F-11D3-BF4B-00C04F79EFBC}") = "ConsommiTounsi", "ConsommiTounsi\ConsommiTounsi.csproj", "{6C7F6766-9620-4D37-A349-8FF0042E0782}"
EndProject
Project("{FAE04EC0-301F-11D3-BF4B-00C04F79EFBC}") = "ConsommiTounsi.Service", "ConsommiTounsi.Service\ConsommiTounsi.Service.csproj", "{81D57243-2486-4825-93F0-3437148DA5C8}"
EndProject
Global
	GlobalSection(SolutionConfigurationPlatforms) = preSolution
		Debug|Any CPU = Debug|Any CPU
		Release|Any CPU = Release|Any CPU
	EndGlobalSection
	GlobalSection(ProjectConfigurationPlatforms) = postSolution
		{6C7F6766-9620-4D37-A349-8FF0042E0782}.Debug|Any CPU.ActiveCfg = Debug|Any CPU
		{6C7F6766-9620-4D37-A349-8FF0042E0782}.Debug|Any CPU.Build.0 = Debug|Any CPU
		{6C7F6766-9620-4D37-A349-8FF0042E0782}.Release|Any CPU.ActiveCfg = Release|Any CPU
		{6C7F6766-9620-4D37-A349-8FF0042E0782}.Release|Any CPU.Build.0 = Release|Any CPU
		{81D57243-2486-4825-93F0-3437148DA5C8}.Debug|Any CPU.ActiveCfg = Debug|Any CPU
		{81D57243-2486-4825-93F0-3437148DA5C8}.Debug|Any CPU.Build.0 = Debug|Any CPU
		{81D57243-2486-4825-93F0-3437148DA5C8}.Release|Any CPU.ActiveCfg = Release|Any CPU
		{81D57243-2486-4825-93F0-3437148DA5C8}.Release|Any CPU.Build.0 = Release|Any CPU
	EndGlobalSection
	GlobalSection(SolutionProperties) = preSolution
		HideSolutionNode = FALSE
	EndGlobalSection
	GlobalSection(ExtensibilityGlobals) = postSolution
		SolutionGuid = {953CCA0B-F921-4C47-A19C-1CAFD683C051}
	EndGlobalSection
EndGlobal
